
Microsoft Visual Studio Solution File, Format Version 12.00
# Visual Studio 14
VisualStudioVersion = 14.0.25123.0
MinimumVisualStudioVersion = 10.0.40219.1
Project("{2150E333-8FDC-42A3-9474-1A3956D46DE8}") = "src", "src", "{3F358E69-E11E-4569-B62D-5C7B65CE7323}"
EndProject
Project("{F2A71F9B-5D33-465A-A702-920D77279786}") = "MongoDB.FSharp.Driver", "src\MongoDB.FSharp.Driver\MongoDB.FSharp.Driver.fsproj", "{CFA1E54C-C903-4BF6-942F-1A952A10DA89}"
EndProject
Project("{2150E333-8FDC-42A3-9474-1A3956D46DE8}") = "test", "test", "{575D6B00-F161-44BD-ABAC-05B35E1BFADA}"
EndProject
Project("{F2A71F9B-5D33-465A-A702-920D77279786}") = "ConsoleApplication", "test\ConsoleApplication\ConsoleApplication.fsproj", "{88F0C65F-F005-4486-B2DF-4BE151FD94E1}"
EndProject
Global
	GlobalSection(SolutionConfigurationPlatforms) = preSolution
		Debug|Any CPU = Debug|Any CPU
		Release|Any CPU = Release|Any CPU
	EndGlobalSection
	GlobalSection(ProjectConfigurationPlatforms) = postSolution
		{CFA1E54C-C903-4BF6-942F-1A952A10DA89}.Debug|Any CPU.ActiveCfg = Debug|Any CPU
		{CFA1E54C-C903-4BF6-942F-1A952A10DA89}.Debug|Any CPU.Build.0 = Debug|Any CPU
		{CFA1E54C-C903-4BF6-942F-1A952A10DA89}.Release|Any CPU.ActiveCfg = Release|Any CPU
		{CFA1E54C-C903-4BF6-942F-1A952A10DA89}.Release|Any CPU.Build.0 = Release|Any CPU
		{88F0C65F-F005-4486-B2DF-4BE151FD94E1}.Debug|Any CPU.ActiveCfg = Debug|Any CPU
		{88F0C65F-F005-4486-B2DF-4BE151FD94E1}.Debug|Any CPU.Build.0 = Debug|Any CPU
		{88F0C65F-F005-4486-B2DF-4BE151FD94E1}.Release|Any CPU.ActiveCfg = Release|Any CPU
		{88F0C65F-F005-4486-B2DF-4BE151FD94E1}.Release|Any CPU.Build.0 = Release|Any CPU
	EndGlobalSection
	GlobalSection(SolutionProperties) = preSolution
		HideSolutionNode = FALSE
	EndGlobalSection
	GlobalSection(NestedProjects) = preSolution
		{CFA1E54C-C903-4BF6-942F-1A952A10DA89} = {3F358E69-E11E-4569-B62D-5C7B65CE7323}
		{88F0C65F-F005-4486-B2DF-4BE151FD94E1} = {575D6B00-F161-44BD-ABAC-05B35E1BFADA}
	EndGlobalSection
EndGlobal
